
Microsoft Visual Studio Solution File, Format Version 12.00
# Visual Studio Version 16
VisualStudioVersion = 16.0.29709.97
MinimumVisualStudioVersion = 10.0.40219.1
Project("{FAE04EC0-301F-11D3-BF4B-00C04F79EFBC}") = "Calculator", "Calculator\Calculator.csproj", "{1908A93D-4D2E-438D-834E-8DF438858E47}"
EndProject
Project("{FAE04EC0-301F-11D3-BF4B-00C04F79EFBC}") = "CalculatorTest", "CalculatorTest\CalculatorTest.csproj", "{BB1CC82F-2486-49BB-AB3D-2951D38A9EDE}"
EndProject
Global
	GlobalSection(SolutionConfigurationPlatforms) = preSolution
		Debug|Any CPU = Debug|Any CPU
		Release|Any CPU = Release|Any CPU
	EndGlobalSection
	GlobalSection(ProjectConfigurationPlatforms) = postSolution
		{1908A93D-4D2E-438D-834E-8DF438858E47}.Debug|Any CPU.ActiveCfg = Debug|Any CPU
		{1908A93D-4D2E-438D-834E-8DF438858E47}.Debug|Any CPU.Build.0 = Debug|Any CPU
		{1908A93D-4D2E-438D-834E-8DF438858E47}.Release|Any CPU.ActiveCfg = Release|Any CPU
		{1908A93D-4D2E-438D-834E-8DF438858E47}.Release|Any CPU.Build.0 = Release|Any CPU
		{BB1CC82F-2486-49BB-AB3D-2951D38A9EDE}.Debug|Any CPU.ActiveCfg = Debug|Any CPU
		{BB1CC82F-2486-49BB-AB3D-2951D38A9EDE}.Debug|Any CPU.Build.0 = Debug|Any CPU
		{BB1CC82F-2486-49BB-AB3D-2951D38A9EDE}.Release|Any CPU.ActiveCfg = Release|Any CPU
		{BB1CC82F-2486-49BB-AB3D-2951D38A9EDE}.Release|Any CPU.Build.0 = Release|Any CPU
	EndGlobalSection
	GlobalSection(SolutionProperties) = preSolution
		HideSolutionNode = FALSE
	EndGlobalSection
	GlobalSection(ExtensibilityGlobals) = postSolution
		SolutionGuid = {F4D389DE-9CF3-46DA-BCE8-5677F258CEA5}
	EndGlobalSection
EndGlobal
